<?xml version="1.0" encoding="UTF-8" standalone="yes" ?>
<CodeBlocks_project_file>
	<FileVersion major="1" minor="6" />
	<Project>
		<Option title="BRKGA" />
		<Option pch_mode="2" />
		<Option compiler="gcc" />
		<Build>
			<Target title="Debug">
				<Option output="bin/Debug/BRKGA" prefix_auto="1" extension_auto="1" />
				<Option object_output="obj/Debug/" />
				<Option type="1" />
				<Option compiler="gcc" />
				<Compiler>
					<Add option="-std=c++11" />
					<Add option="-g" />
					<Add directory="UnitTest++/src" />
				</Compiler>
				<Linker>
					<Add library="UnitTest++\Deliv\Debug\libUnitTest++.a" />
				</Linker>
			</Target>
			<Target title="Release">
				<Option output="bin/Release/BRKGA" prefix_auto="1" extension_auto="1" />
				<Option object_output="obj/Release/" />
				<Option type="1" />
				<Option compiler="gcc" />
				<Compiler>
					<Add option="-O2" />
					<Add option="-std=c++11" />
					<Add directory="UnitTest++/src" />
				</Compiler>
				<Linker>
					<Add option="-s" />
					<Add library="UnitTest++\Deliv\Release\libUnitTest++.a" />
				</Linker>
			</Target>
		</Build>
		<Compiler>
			<Add option="-std=c++0x" />
			<Add option="-Wall" />
			<Add option="-fexceptions" />
		</Compiler>
		<Unit filename="CLSD/InitialSequencer.h" />
		<Unit filename="CLSD/Repair.h" />
		<Unit filename="CLSD/Solution.h" />
		<Unit filename="CLSD/backwardpass.h" />
		<Unit filename="CLSD/clsddecoder.h" />
		<Unit filename="CLSD/data.h" />
		<Unit filename="CLSD/encoding.h" />
		<Unit filename="CLSD/fixlinks.h" />
		<Unit filename="CLSD/forwardpass.h" />
		<Unit filename="CLSD/repairsequence.h" />
		<Unit filename="CLSD/sequence.h" />
		<Unit filename="CLSD/sequenceutil.h" />
		<Unit filename="CLSD/swaps.h" />
		<Unit filename="CLSD/variables.h" />
		<Unit filename="FileReader/instance.cpp" />
		<Unit filename="FileReader/instance.h" />
		<Unit filename="FileReader/instanceToData.h" />
		<Unit filename="brkga.h" />
		<Unit filename="decoder.h" />
		<Unit filename="evolver.h" />
		<Unit filename="initializer.h" />
		<Unit filename="main.cpp" />
		<Unit filename="parameters.h" />
		<Unit filename="population.h" />
		<Unit filename="random.h" />
		<Unit filename="test/chromosomedecodertest.h" />
		<Unit filename="test/encodingtest.h" />
		<Unit filename="test/evolvertest.h" />
		<Unit filename="test/initialsequencertest.h" />
		<Unit filename="test/populationtest.h" />
		<Unit filename="test/repairsequencetest.h" />
		<Unit filename="test/repairtest.h" />
		<Unit filename="util/util.h" />
		<Extensions>
			<envvars />
			<code_completion />
			<debugger />
			<lib_finder disable_auto="1" />
		</Extensions>
	</Project>
</CodeBlocks_project_file>
